
Microsoft Visual Studio Solution File, Format Version 12.00
# Visual Studio Version 17
VisualStudioVersion = 17.2.32630.192
MinimumVisualStudioVersion = 10.0.40219.1
Project("{FAE04EC0-301F-11D3-BF4B-00C04F79EFBC}") = "Practice C", "Practice C\Practice C.csproj", "{3F91DDF9-600E-48A4-858E-2334A026AFD1}"
EndProject
Global
	GlobalSection(SolutionConfigurationPlatforms) = preSolution
		Debug|Any CPU = Debug|Any CPU
		Release|Any CPU = Release|Any CPU
	EndGlobalSection
	GlobalSection(ProjectConfigurationPlatforms) = postSolution
		{3F91DDF9-600E-48A4-858E-2334A026AFD1}.Debug|Any CPU.ActiveCfg = Debug|Any CPU
		{3F91DDF9-600E-48A4-858E-2334A026AFD1}.Debug|Any CPU.Build.0 = Debug|Any CPU
		{3F91DDF9-600E-48A4-858E-2334A026AFD1}.Release|Any CPU.ActiveCfg = Release|Any CPU
		{3F91DDF9-600E-48A4-858E-2334A026AFD1}.Release|Any CPU.Build.0 = Release|Any CPU
	EndGlobalSection
	GlobalSection(SolutionProperties) = preSolution
		HideSolutionNode = FALSE
	EndGlobalSection
	GlobalSection(ExtensibilityGlobals) = postSolution
		SolutionGuid = {553E0C54-495A-4452-9261-ABB19072B305}
	EndGlobalSection
EndGlobal
